// !$*UTF8*$!
{
	archiveVersion = 1;
	classes = {
	};
	objectVersion = 50;
	objects = {

/* Begin PBXBuildFile section */
		A7C3AC0921450A7700007878 /* AppDelegate.swift in Sources */ = {isa = PBXBuildFile; fileRef = A7C3AC0821450A7700007878 /* AppDelegate.swift */; };
		A7C3AC0B21450A7700007878 /* ViewController.swift in Sources */ = {isa = PBXBuildFile; fileRef = A7C3AC0A21450A7700007878 /* ViewController.swift */; };
		A7C3AC0E21450A7700007878 /* Main.storyboard in Resources */ = {isa = PBXBuildFile; fileRef = A7C3AC0C21450A7700007878 /* Main.storyboard */; };
		A7C3AC1021450A7800007878 /* Assets.xcassets in Resources */ = {isa = PBXBuildFile; fileRef = A7C3AC0F21450A7800007878 /* Assets.xcassets */; };
		A7C3AC1321450A7800007878 /* LaunchScreen.storyboard in Resources */ = {isa = PBXBuildFile; fileRef = A7C3AC1121450A7800007878 /* LaunchScreen.storyboard */; };
		A7C3AC1E21450A7900007878 /* ViewControllerTests.swift in Sources */ = {isa = PBXBuildFile; fileRef = A7C3AC1D21450A7900007878 /* ViewControllerTests.swift */; };
		A7C3AC2A21450C3B00007878 /* CurrencyService.swift in Sources */ = {isa = PBXBuildFile; fileRef = A7C3AC2921450C3B00007878 /* CurrencyService.swift */; };
		A7C3AC2D21450EE300007878 /* CurrencyUpdate.swift in Sources */ = {isa = PBXBuildFile; fileRef = A7C3AC2C21450EE300007878 /* CurrencyUpdate.swift */; };
		A7C3AC2F2145305500007878 /* CurrencyRow.swift in Sources */ = {isa = PBXBuildFile; fileRef = A7C3AC2E2145305500007878 /* CurrencyRow.swift */; };
		A7C3AC342145420F00007878 /* CurrencyMapping.plist in Resources */ = {isa = PBXBuildFile; fileRef = A7C3AC332145420F00007878 /* CurrencyMapping.plist */; };
		A7C3AC362145427A00007878 /* CurrencyIcons.xcassets in Resources */ = {isa = PBXBuildFile; fileRef = A7C3AC352145427A00007878 /* CurrencyIcons.xcassets */; };
		A7C3AC382145430100007878 /* CurrencyRowViewCell.swift in Sources */ = {isa = PBXBuildFile; fileRef = A7C3AC372145430100007878 /* CurrencyRowViewCell.swift */; };
		A7C3AC3A2145431B00007878 /* CurrencyRowViewCell.xib in Resources */ = {isa = PBXBuildFile; fileRef = A7C3AC392145431B00007878 /* CurrencyRowViewCell.xib */; };
/* End PBXBuildFile section */

/* Begin PBXContainerItemProxy section */
		A7C3AC1A21450A7900007878 /* PBXContainerItemProxy */ = {
			isa = PBXContainerItemProxy;
			containerPortal = A7C3ABFD21450A7600007878 /* Project object */;
			proxyType = 1;
			remoteGlobalIDString = A7C3AC0421450A7600007878;
			remoteInfo = CurrencyConverter;
		};
/* End PBXContainerItemProxy section */

/* Begin PBXFileReference section */
		A7C3AC0521450A7700007878 /* CurrencyConverter.app */ = {isa = PBXFileReference; explicitFileType = wrapper.application; includeInIndex = 0; path = CurrencyConverter.app; sourceTree = BUILT_PRODUCTS_DIR; };
		A7C3AC0821450A7700007878 /* AppDelegate.swift */ = {isa = PBXFileReference; lastKnownFileType = sourcecode.swift; path = AppDelegate.swift; sourceTree = "<group>"; };
		A7C3AC0A21450A7700007878 /* ViewController.swift */ = {isa = PBXFileReference; lastKnownFileType = sourcecode.swift; path = ViewController.swift; sourceTree = "<group>"; };
		A7C3AC0D21450A7700007878 /* Base */ = {isa = PBXFileReference; lastKnownFileType = file.storyboard; name = Base; path = Base.lproj/Main.storyboard; sourceTree = "<group>"; };
		A7C3AC0F21450A7800007878 /* Assets.xcassets */ = {isa = PBXFileReference; lastKnownFileType = folder.assetcatalog; path = Assets.xcassets; sourceTree = "<group>"; };
		A7C3AC1221450A7800007878 /* Base */ = {isa = PBXFileReference; lastKnownFileType = file.storyboard; name = Base; path = Base.lproj/LaunchScreen.storyboard; sourceTree = "<group>"; };
		A7C3AC1421450A7800007878 /* Info.plist */ = {isa = PBXFileReference; lastKnownFileType = text.plist.xml; path = Info.plist; sourceTree = "<group>"; };
		A7C3AC1921450A7900007878 /* CurrencyConverterTests.xctest */ = {isa = PBXFileReference; explicitFileType = wrapper.cfbundle; includeInIndex = 0; path = CurrencyConverterTests.xctest; sourceTree = BUILT_PRODUCTS_DIR; };
		A7C3AC1D21450A7900007878 /* ViewControllerTests.swift */ = {isa = PBXFileReference; lastKnownFileType = sourcecode.swift; path = ViewControllerTests.swift; sourceTree = "<group>"; };
		A7C3AC1F21450A7900007878 /* Info.plist */ = {isa = PBXFileReference; lastKnownFileType = text.plist.xml; path = Info.plist; sourceTree = "<group>"; };
		A7C3AC2921450C3B00007878 /* CurrencyService.swift */ = {isa = PBXFileReference; lastKnownFileType = sourcecode.swift; path = CurrencyService.swift; sourceTree = "<group>"; };
		A7C3AC2C21450EE300007878 /* CurrencyUpdate.swift */ = {isa = PBXFileReference; lastKnownFileType = sourcecode.swift; path = CurrencyUpdate.swift; sourceTree = "<group>"; };
		A7C3AC2E2145305500007878 /* CurrencyRow.swift */ = {isa = PBXFileReference; lastKnownFileType = sourcecode.swift; path = CurrencyRow.swift; sourceTree = "<group>"; };
		A7C3AC332145420F00007878 /* CurrencyMapping.plist */ = {isa = PBXFileReference; lastKnownFileType = text.plist.xml; path = CurrencyMapping.plist; sourceTree = "<group>"; };
		A7C3AC352145427A00007878 /* CurrencyIcons.xcassets */ = {isa = PBXFileReference; lastKnownFileType = folder.assetcatalog; path = CurrencyIcons.xcassets; sourceTree = "<group>"; };
		A7C3AC372145430100007878 /* CurrencyRowViewCell.swift */ = {isa = PBXFileReference; lastKnownFileType = sourcecode.swift; path = CurrencyRowViewCell.swift; sourceTree = "<group>"; };
		A7C3AC392145431B00007878 /* CurrencyRowViewCell.xib */ = {isa = PBXFileReference; lastKnownFileType = file.xib; path = CurrencyRowViewCell.xib; sourceTree = "<group>"; };
/* End PBXFileReference section */

/* Begin PBXFrameworksBuildPhase section */
		A7C3AC0221450A7600007878 /* Frameworks */ = {
			isa = PBXFrameworksBuildPhase;
			buildActionMask = 2147483647;
			files = (
			);
			runOnlyForDeploymentPostprocessing = 0;
		};
		A7C3AC1621450A7900007878 /* Frameworks */ = {
			isa = PBXFrameworksBuildPhase;
			buildActionMask = 2147483647;
			files = (
			);
			runOnlyForDeploymentPostprocessing = 0;
		};
/* End PBXFrameworksBuildPhase section */

/* Begin PBXGroup section */
		A7C3ABFC21450A7600007878 = {
			isa = PBXGroup;
			children = (
				A7C3AC0721450A7700007878 /* CurrencyConverter */,
				A7C3AC1C21450A7900007878 /* CurrencyConverterTests */,
				A7C3AC0621450A7700007878 /* Products */,
			);
			sourceTree = "<group>";
		};
		A7C3AC0621450A7700007878 /* Products */ = {
			isa = PBXGroup;
			children = (
				A7C3AC0521450A7700007878 /* CurrencyConverter.app */,
				A7C3AC1921450A7900007878 /* CurrencyConverterTests.xctest */,
			);
			name = Products;
			sourceTree = "<group>";
		};
		A7C3AC0721450A7700007878 /* CurrencyConverter */ = {
			isa = PBXGroup;
			children = (
				A7C3AC0821450A7700007878 /* AppDelegate.swift */,
				A7C3AC0A21450A7700007878 /* ViewController.swift */,
				A7C3AC0C21450A7700007878 /* Main.storyboard */,
				A7C3AC31214541B700007878 /* Cells */,
				A7C3AC2821450C0600007878 /* Service */,
				A7C3AC2B21450E6500007878 /* Models */,
				A7C3AC32214541F200007878 /* Resources */,
				A7C3AC0F21450A7800007878 /* Assets.xcassets */,
				A7C3AC1121450A7800007878 /* LaunchScreen.storyboard */,
				A7C3AC1421450A7800007878 /* Info.plist */,
			);
			path = CurrencyConverter;
			sourceTree = "<group>";
		};
		A7C3AC1C21450A7900007878 /* CurrencyConverterTests */ = {
			isa = PBXGroup;
			children = (
				A7C3AC1D21450A7900007878 /* ViewControllerTests.swift */,
				A7C3AC1F21450A7900007878 /* Info.plist */,
			);
			path = CurrencyConverterTests;
			sourceTree = "<group>";
		};
		A7C3AC2821450C0600007878 /* Service */ = {
			isa = PBXGroup;
			children = (
				A7C3AC2921450C3B00007878 /* CurrencyService.swift */,
			);
			path = Service;
			sourceTree = "<group>";
		};
		A7C3AC2B21450E6500007878 /* Models */ = {
			isa = PBXGroup;
			children = (
				A7C3AC2C21450EE300007878 /* CurrencyUpdate.swift */,
				A7C3AC2E2145305500007878 /* CurrencyRow.swift */,
			);
			path = Models;
			sourceTree = "<group>";
		};
		A7C3AC31214541B700007878 /* Cells */ = {
			isa = PBXGroup;
			children = (
				A7C3AC372145430100007878 /* CurrencyRowViewCell.swift */,
				A7C3AC392145431B00007878 /* CurrencyRowViewCell.xib */,
			);
			path = Cells;
			sourceTree = "<group>";
		};
		A7C3AC32214541F200007878 /* Resources */ = {
			isa = PBXGroup;
			children = (
				A7C3AC332145420F00007878 /* CurrencyMapping.plist */,
				A7C3AC352145427A00007878 /* CurrencyIcons.xcassets */,
			);
			path = Resources;
			sourceTree = "<group>";
		};
/* End PBXGroup section */

/* Begin PBXNativeTarget section */
		A7C3AC0421450A7600007878 /* CurrencyConverter */ = {
			isa = PBXNativeTarget;
			buildConfigurationList = A7C3AC2221450A7900007878 /* Build configuration list for PBXNativeTarget "CurrencyConverter" */;
			buildPhases = (
				A7C3AC0121450A7600007878 /* Sources */,
				A7C3AC0221450A7600007878 /* Frameworks */,
				A7C3AC0321450A7600007878 /* Resources */,
			);
			buildRules = (
			);
			dependencies = (
			);
			name = CurrencyConverter;
			productName = CurrencyConverter;
			productReference = A7C3AC0521450A7700007878 /* CurrencyConverter.app */;
			productType = "com.apple.product-type.application";
		};
		A7C3AC1821450A7900007878 /* CurrencyConverterTests */ = {
			isa = PBXNativeTarget;
			buildConfigurationList = A7C3AC2521450A7900007878 /* Build configuration list for PBXNativeTarget "CurrencyConverterTests" */;
			buildPhases = (
				A7C3AC1521450A7900007878 /* Sources */,
				A7C3AC1621450A7900007878 /* Frameworks */,
				A7C3AC1721450A7900007878 /* Resources */,
			);
			buildRules = (
			);
			dependencies = (
				A7C3AC1B21450A7900007878 /* PBXTargetDependency */,
			);
			name = CurrencyConverterTests;
			productName = CurrencyConverterTests;
			productReference = A7C3AC1921450A7900007878 /* CurrencyConverterTests.xctest */;
			productType = "com.apple.product-type.bundle.unit-test";
		};
/* End PBXNativeTarget section */

/* Begin PBXProject section */
		A7C3ABFD21450A7600007878 /* Project object */ = {
			isa = PBXProject;
			attributes = {
				LastSwiftUpdateCheck = 0940;
				LastUpgradeCheck = 0940;
				ORGANIZATIONNAME = CarlesRoig;
				TargetAttributes = {
					A7C3AC0421450A7600007878 = {
						CreatedOnToolsVersion = 9.4.1;
					};
					A7C3AC1821450A7900007878 = {
						CreatedOnToolsVersion = 9.4.1;
						TestTargetID = A7C3AC0421450A7600007878;
					};
				};
			};
			buildConfigurationList = A7C3AC0021450A7600007878 /* Build configuration list for PBXProject "CurrencyConverter" */;
			compatibilityVersion = "Xcode 9.3";
			developmentRegion = en;
			hasScannedForEncodings = 0;
			knownRegions = (
				en,
				Base,
			);
			mainGroup = A7C3ABFC21450A7600007878;
			productRefGroup = A7C3AC0621450A7700007878 /* Products */;
			projectDirPath = "";
			projectRoot = "";
			targets = (
				A7C3AC0421450A7600007878 /* CurrencyConverter */,
				A7C3AC1821450A7900007878 /* CurrencyConverterTests */,
			);
		};
/* End PBXProject section */

/* Begin PBXResourcesBuildPhase section */
		A7C3AC0321450A7600007878 /* Resources */ = {
			isa = PBXResourcesBuildPhase;
			buildActionMask = 2147483647;
			files = (
				A7C3AC1321450A7800007878 /* LaunchScreen.storyboard in Resources */,
				A7C3AC1021450A7800007878 /* Assets.xcassets in Resources */,
				A7C3AC3A2145431B00007878 /* CurrencyRowViewCell.xib in Resources */,
				A7C3AC362145427A00007878 /* CurrencyIcons.xcassets in Resources */,
				A7C3AC342145420F00007878 /* CurrencyMapping.plist in Resources */,
				A7C3AC0E21450A7700007878 /* Main.storyboard in Resources */,
			);
			runOnlyForDeploymentPostprocessing = 0;
		};
		A7C3AC1721450A7900007878 /* Resources */ = {
			isa = PBXResourcesBuildPhase;
			buildActionMask = 2147483647;
			files = (
			);
			runOnlyForDeploymentPostprocessing = 0;
		};
/* End PBXResourcesBuildPhase section */

/* Begin PBXSourcesBuildPhase section */
		A7C3AC0121450A7600007878 /* Sources */ = {
			isa = PBXSourcesBuildPhase;
			buildActionMask = 2147483647;
			files = (
				A7C3AC0B21450A7700007878 /* ViewController.swift in Sources */,
				A7C3AC2F2145305500007878 /* CurrencyRow.swift in Sources */,
				A7C3AC2D21450EE300007878 /* CurrencyUpdate.swift in Sources */,
				A7C3AC382145430100007878 /* CurrencyRowViewCell.swift in Sources */,
				A7C3AC0921450A7700007878 /* AppDelegate.swift in Sources */,
				A7C3AC2A21450C3B00007878 /* CurrencyService.swift in Sources */,
			);
			runOnlyForDeploymentPostprocessing = 0;
		};
		A7C3AC1521450A7900007878 /* Sources */ = {
			isa = PBXSourcesBuildPhase;
			buildActionMask = 2147483647;
			files = (
				A7C3AC1E21450A7900007878 /* ViewControllerTests.swift in Sources */,
			);
			runOnlyForDeploymentPostprocessing = 0;
		};
/* End PBXSourcesBuildPhase section */

/* Begin PBXTargetDependency section */
		A7C3AC1B21450A7900007878 /* PBXTargetDependency */ = {
			isa = PBXTargetDependency;
			target = A7C3AC0421450A7600007878 /* CurrencyConverter */;
			targetProxy = A7C3AC1A21450A7900007878 /* PBXContainerItemProxy */;
		};
/* End PBXTargetDependency section */

/* Begin PBXVariantGroup section */
		A7C3AC0C21450A7700007878 /* Main.storyboard */ = {
			isa = PBXVariantGroup;
			children = (
				A7C3AC0D21450A7700007878 /* Base */,
			);
			name = Main.storyboard;
			sourceTree = "<group>";
		};
		A7C3AC1121450A7800007878 /* LaunchScreen.storyboard */ = {
			isa = PBXVariantGroup;
			children = (
				A7C3AC1221450A7800007878 /* Base */,
			);
			name = LaunchScreen.storyboard;
			sourceTree = "<group>";
		};
/* End PBXVariantGroup section */

/* Begin XCBuildConfiguration section */
		A7C3AC2021450A7900007878 /* Debug */ = {
			isa = XCBuildConfiguration;
			buildSettings = {
				ALWAYS_SEARCH_USER_PATHS = NO;
				CLANG_ANALYZER_NONNULL = YES;
				CLANG_ANALYZER_NUMBER_OBJECT_CONVERSION = YES_AGGRESSIVE;
				CLANG_CXX_LANGUAGE_STANDARD = "gnu++14";
				CLANG_CXX_LIBRARY = "libc++";
				CLANG_ENABLE_MODULES = YES;
				CLANG_ENABLE_OBJC_ARC = YES;
				CLANG_ENABLE_OBJC_WEAK = YES;
				CLANG_WARN_BLOCK_CAPTURE_AUTORELEASING = YES;
				CLANG_WARN_BOOL_CONVERSION = YES;
				CLANG_WARN_COMMA = YES;
				CLANG_WARN_CONSTANT_CONVERSION = YES;
				CLANG_WARN_DEPRECATED_OBJC_IMPLEMENTATIONS = YES;
				CLANG_WARN_DIRECT_OBJC_ISA_USAGE = YES_ERROR;
				CLANG_WARN_DOCUMENTATION_COMMENTS = YES;
				CLANG_WARN_EMPTY_BODY = YES;
				CLANG_WARN_ENUM_CONVERSION = YES;
				CLANG_WARN_INFINITE_RECURSION = YES;
				CLANG_WARN_INT_CONVERSION = YES;
				CLANG_WARN_NON_LITERAL_NULL_CONVERSION = YES;
				CLANG_WARN_OBJC_IMPLICIT_RETAIN_SELF = YES;
				CLANG_WARN_OBJC_LITERAL_CONVERSION = YES;
				CLANG_WARN_OBJC_ROOT_CLASS = YES_ERROR;
				CLANG_WARN_RANGE_LOOP_ANALYSIS = YES;
				CLANG_WARN_STRICT_PROTOTYPES = YES;
				CLANG_WARN_SUSPICIOUS_MOVE = YES;
				CLANG_WARN_UNGUARDED_AVAILABILITY = YES_AGGRESSIVE;
				CLANG_WARN_UNREACHABLE_CODE = YES;
				CLANG_WARN__DUPLICATE_METHOD_MATCH = YES;
				CODE_SIGN_IDENTITY = "iPhone Developer";
				COPY_PHASE_STRIP = NO;
				DEBUG_INFORMATION_FORMAT = dwarf;
				ENABLE_STRICT_OBJC_MSGSEND = YES;
				ENABLE_TESTABILITY = YES;
				GCC_C_LANGUAGE_STANDARD = gnu11;
				GCC_DYNAMIC_NO_PIC = NO;
				GCC_NO_COMMON_BLOCKS = YES;
				GCC_OPTIMIZATION_LEVEL = 0;
				GCC_PREPROCESSOR_DEFINITIONS = (
					"DEBUG=1",
					"$(inherited)",
				);
				GCC_WARN_64_TO_32_BIT_CONVERSION = YES;
				GCC_WARN_ABOUT_RETURN_TYPE = YES_ERROR;
				GCC_WARN_UNDECLARED_SELECTOR = YES;
				GCC_WARN_UNINITIALIZED_AUTOS = YES_AGGRESSIVE;
				GCC_WARN_UNUSED_FUNCTION = YES;
				GCC_WARN_UNUSED_VARIABLE = YES;
				IPHONEOS_DEPLOYMENT_TARGET = 11.4;
				MTL_ENABLE_DEBUG_INFO = YES;
				ONLY_ACTIVE_ARCH = YES;
				SDKROOT = iphoneos;
				SWIFT_ACTIVE_COMPILATION_CONDITIONS = DEBUG;
				SWIFT_OPTIMIZATION_LEVEL = "-Onone";
			};
			name = Debug;
		};
		A7C3AC2121450A7900007878 /* Release */ = {
			isa = XCBuildConfiguration;
			buildSettings = {
				ALWAYS_SEARCH_USER_PATHS = NO;
				CLANG_ANALYZER_NONNULL = YES;
				CLANG_ANALYZER_NUMBER_OBJECT_CONVERSION = YES_AGGRESSIVE;
				CLANG_CXX_LANGUAGE_STANDARD = "gnu++14";
				CLANG_CXX_LIBRARY = "libc++";
				CLANG_ENABLE_MODULES = YES;
				CLANG_ENABLE_OBJC_ARC = YES;
				CLANG_ENABLE_OBJC_WEAK = YES;
				CLANG_WARN_BLOCK_CAPTURE_AUTORELEASING = YES;
				CLANG_WARN_BOOL_CONVERSION = YES;
				CLANG_WARN_COMMA = YES;
				CLANG_WARN_CONSTANT_CONVERSION = YES;
				CLANG_WARN_DEPRECATED_OBJC_IMPLEMENTATIONS = YES;
				CLANG_WARN_DIRECT_OBJC_ISA_USAGE = YES_ERROR;
				CLANG_WARN_DOCUMENTATION_COMMENTS = YES;
				CLANG_WARN_EMPTY_BODY = YES;
				CLANG_WARN_ENUM_CONVERSION = YES;
				CLANG_WARN_INFINITE_RECURSION = YES;
				CLANG_WARN_INT_CONVERSION = YES;
				CLANG_WARN_NON_LITERAL_NULL_CONVERSION = YES;
				CLANG_WARN_OBJC_IMPLICIT_RETAIN_SELF = YES;
				CLANG_WARN_OBJC_LITERAL_CONVERSION = YES;
				CLANG_WARN_OBJC_ROOT_CLASS = YES_ERROR;
				CLANG_WARN_RANGE_LOOP_ANALYSIS = YES;
				CLANG_WARN_STRICT_PROTOTYPES = YES;
				CLANG_WARN_SUSPICIOUS_MOVE = YES;
				CLANG_WARN_UNGUARDED_AVAILABILITY = YES_AGGRESSIVE;
				CLANG_WARN_UNREACHABLE_CODE = YES;
				CLANG_WARN__DUPLICATE_METHOD_MATCH = YES;
				CODE_SIGN_IDENTITY = "iPhone Developer";
				COPY_PHASE_STRIP = NO;
				DEBUG_INFORMATION_FORMAT = "dwarf-with-dsym";
				ENABLE_NS_ASSERTIONS = NO;
				ENABLE_STRICT_OBJC_MSGSEND = YES;
				GCC_C_LANGUAGE_STANDARD = gnu11;
				GCC_NO_COMMON_BLOCKS = YES;
				GCC_WARN_64_TO_32_BIT_CONVERSION = YES;
				GCC_WARN_ABOUT_RETURN_TYPE = YES_ERROR;
				GCC_WARN_UNDECLARED_SELECTOR = YES;
				GCC_WARN_UNINITIALIZED_AUTOS = YES_AGGRESSIVE;
				GCC_WARN_UNUSED_FUNCTION = YES;
				GCC_WARN_UNUSED_VARIABLE = YES;
				IPHONEOS_DEPLOYMENT_TARGET = 11.4;
				MTL_ENABLE_DEBUG_INFO = NO;
				SDKROOT = iphoneos;
				SWIFT_COMPILATION_MODE = wholemodule;
				SWIFT_OPTIMIZATION_LEVEL = "-O";
				VALIDATE_PRODUCT = YES;
			};
			name = Release;
		};
		A7C3AC2321450A7900007878 /* Debug */ = {
			isa = XCBuildConfiguration;
			buildSettings = {
				ASSETCATALOG_COMPILER_APPICON_NAME = AppIcon;
				CODE_SIGN_STYLE = Automatic;
				INFOPLIST_FILE = CurrencyConverter/Info.plist;
				LD_RUNPATH_SEARCH_PATHS = (
					"$(inherited)",
					"@executable_path/Frameworks",
				);
				PRODUCT_BUNDLE_IDENTIFIER = CR.CurrencyConverter;
				PRODUCT_NAME = "$(TARGET_NAME)";
				SWIFT_VERSION = 4.0;
				TARGETED_DEVICE_FAMILY = "1,2";
			};
			name = Debug;
		};
		A7C3AC2421450A7900007878 /* Release */ = {
			isa = XCBuildConfiguration;
			buildSettings = {
				ASSETCATALOG_COMPILER_APPICON_NAME = AppIcon;
				CODE_SIGN_STYLE = Automatic;
				INFOPLIST_FILE = CurrencyConverter/Info.plist;
				LD_RUNPATH_SEARCH_PATHS = (
					"$(inherited)",
					"@executable_path/Frameworks",
				);
				PRODUCT_BUNDLE_IDENTIFIER = CR.CurrencyConverter;
				PRODUCT_NAME = "$(TARGET_NAME)";
				SWIFT_VERSION = 4.0;
				TARGETED_DEVICE_FAMILY = "1,2";
			};
			name = Release;
		};
		A7C3AC2621450A7900007878 /* Debug */ = {
			isa = XCBuildConfiguration;
			buildSettings = {
				ALWAYS_EMBED_SWIFT_STANDARD_LIBRARIES = YES;
				BUNDLE_LOADER = "$(TEST_HOST)";
				CODE_SIGN_STYLE = Automatic;
				INFOPLIST_FILE = CurrencyConverterTests/Info.plist;
				LD_RUNPATH_SEARCH_PATHS = (
					"$(inherited)",
					"@executable_path/Frameworks",
					"@loader_path/Frameworks",
				);
				PRODUCT_BUNDLE_IDENTIFIER = CR.CurrencyConverterTests;
				PRODUCT_NAME = "$(TARGET_NAME)";
				SWIFT_VERSION = 4.0;
				TARGETED_DEVICE_FAMILY = "1,2";
				TEST_HOST = "$(BUILT_PRODUCTS_DIR)/CurrencyConverter.app/CurrencyConverter";
			};
			name = Debug;
		};
		A7C3AC2721450A7900007878 /* Release */ = {
			isa = XCBuildConfiguration;
			buildSettings = {
				ALWAYS_EMBED_SWIFT_STANDARD_LIBRARIES = YES;
				BUNDLE_LOADER = "$(TEST_HOST)";
				CODE_SIGN_STYLE = Automatic;
				INFOPLIST_FILE = CurrencyConverterTests/Info.plist;
				LD_RUNPATH_SEARCH_PATHS = (
					"$(inherited)",
					"@executable_path/Frameworks",
					"@loader_path/Frameworks",
				);
				PRODUCT_BUNDLE_IDENTIFIER = CR.CurrencyConverterTests;
				PRODUCT_NAME = "$(TARGET_NAME)";
				SWIFT_VERSION = 4.0;
				TARGETED_DEVICE_FAMILY = "1,2";
				TEST_HOST = "$(BUILT_PRODUCTS_DIR)/CurrencyConverter.app/CurrencyConverter";
			};
			name = Release;
		};
/* End XCBuildConfiguration section */

/* Begin XCConfigurationList section */
		A7C3AC0021450A7600007878 /* Build configuration list for PBXProject "CurrencyConverter" */ = {
			isa = XCConfigurationList;
			buildConfigurations = (
				A7C3AC2021450A7900007878 /* Debug */,
				A7C3AC2121450A7900007878 /* Release */,
			);
			defaultConfigurationIsVisible = 0;
			defaultConfigurationName = Release;
		};
		A7C3AC2221450A7900007878 /* Build configuration list for PBXNativeTarget "CurrencyConverter" */ = {
			isa = XCConfigurationList;
			buildConfigurations = (
				A7C3AC2321450A7900007878 /* Debug */,
				A7C3AC2421450A7900007878 /* Release */,
			);
			defaultConfigurationIsVisible = 0;
			defaultConfigurationName = Release;
		};
		A7C3AC2521450A7900007878 /* Build configuration list for PBXNativeTarget "CurrencyConverterTests" */ = {
			isa = XCConfigurationList;
			buildConfigurations = (
				A7C3AC2621450A7900007878 /* Debug */,
				A7C3AC2721450A7900007878 /* Release */,
			);
			defaultConfigurationIsVisible = 0;
			defaultConfigurationName = Release;
		};
/* End XCConfigurationList section */
	};
	rootObject = A7C3ABFD21450A7600007878 /* Project object */;
}
